// !$*UTF8*$!
{
	archiveVersion = 1;
	classes = {
	};
	objectVersion = 46;
	objects = {

/* Begin PBXBuildFile section */
		171EBC161E757E82003099A4 /* main.m in Sources */ = {isa = PBXBuildFile; fileRef = 171EBC151E757E82003099A4 /* main.m */; };
		171EBC1F1E757E82003099A4 /* Main.storyboard in Resources */ = {isa = PBXBuildFile; fileRef = 171EBC1D1E757E82003099A4 /* Main.storyboard */; };
		171EBC211E757E82003099A4 /* Assets.xcassets in Resources */ = {isa = PBXBuildFile; fileRef = 171EBC201E757E82003099A4 /* Assets.xcassets */; };
		171EBC241E757E82003099A4 /* LaunchScreen.storyboard in Resources */ = {isa = PBXBuildFile; fileRef = 171EBC221E757E82003099A4 /* LaunchScreen.storyboard */; };
		171EBC341E757E96003099A4 /* main.m in Sources */ = {isa = PBXBuildFile; fileRef = 171EBC331E757E96003099A4 /* main.m */; };
		171EBC391E757E96003099A4 /* Assets.xcassets in Resources */ = {isa = PBXBuildFile; fileRef = 171EBC381E757E96003099A4 /* Assets.xcassets */; };
		171EBC3C1E757E96003099A4 /* Main.storyboard in Resources */ = {isa = PBXBuildFile; fileRef = 171EBC3A1E757E96003099A4 /* Main.storyboard */; };
		171EBC571E757F2E003099A4 /* AppDelegate.m in Sources */ = {isa = PBXBuildFile; fileRef = 171EBC421E757EBA003099A4 /* AppDelegate.m */; };
		171EBC581E757F2E003099A4 /* Complex.m in Sources */ = {isa = PBXBuildFile; fileRef = 171EBC441E757EBA003099A4 /* Complex.m */; };
		171EBC591E757F2E003099A4 /* FGLTFractal.m in Sources */ = {isa = PBXBuildFile; fileRef = 171EBC471E757EBA003099A4 /* FGLTFractal.m */; };
		171EBC5A1E757F2E003099A4 /* FGSwitch.m in Sources */ = {isa = PBXBuildFile; fileRef = 171EBC491E757EBA003099A4 /* FGSwitch.m */; };
		171EBC5B1E757F2E003099A4 /* FGTHSBSupport.m in Sources */ = {isa = PBXBuildFile; fileRef = 171EBC4B1E757EBA003099A4 /* FGTHSBSupport.m */; };
		171EBC5C1E757F2E003099A4 /* ProgressIndictor.m in Sources */ = {isa = PBXBuildFile; fileRef = 171EBC4D1E757EBA003099A4 /* ProgressIndictor.m */; };
		171EBC5D1E757F2E003099A4 /* ViewController.m in Sources */ = {isa = PBXBuildFile; fileRef = 171EBC4F1E757EBA003099A4 /* ViewController.m */; };
		171EBC5E1E757F3D003099A4 /* AppDelegate.m in Sources */ = {isa = PBXBuildFile; fileRef = 171EBC421E757EBA003099A4 /* AppDelegate.m */; };
		171EBC5F1E757F3D003099A4 /* Complex.m in Sources */ = {isa = PBXBuildFile; fileRef = 171EBC441E757EBA003099A4 /* Complex.m */; };
		171EBC601E757F3D003099A4 /* FGLTFractal.m in Sources */ = {isa = PBXBuildFile; fileRef = 171EBC471E757EBA003099A4 /* FGLTFractal.m */; };
		171EBC611E757F3D003099A4 /* FGSwitch.m in Sources */ = {isa = PBXBuildFile; fileRef = 171EBC491E757EBA003099A4 /* FGSwitch.m */; };
		171EBC621E757F3D003099A4 /* FGTHSBSupport.m in Sources */ = {isa = PBXBuildFile; fileRef = 171EBC4B1E757EBA003099A4 /* FGTHSBSupport.m */; };
		171EBC631E757F3D003099A4 /* ProgressIndictor.m in Sources */ = {isa = PBXBuildFile; fileRef = 171EBC4D1E757EBA003099A4 /* ProgressIndictor.m */; };
		171EBC641E757F3D003099A4 /* ViewController.m in Sources */ = {isa = PBXBuildFile; fileRef = 171EBC4F1E757EBA003099A4 /* ViewController.m */; };
		171EBC691E768D44003099A4 /* CubeHelix.m in Sources */ = {isa = PBXBuildFile; fileRef = 171EBC661E768D44003099A4 /* CubeHelix.m */; };
		171EBC721E769A33003099A4 /* AppDelegate.m in Sources */ = {isa = PBXBuildFile; fileRef = 171EBC711E769A33003099A4 /* AppDelegate.m */; };
		171EBC751E769A33003099A4 /* main.m in Sources */ = {isa = PBXBuildFile; fileRef = 171EBC741E769A33003099A4 /* main.m */; };
		171EBC781E769A33003099A4 /* ViewController.m in Sources */ = {isa = PBXBuildFile; fileRef = 171EBC771E769A33003099A4 /* ViewController.m */; };
		171EBC7A1E769A33003099A4 /* Assets.xcassets in Resources */ = {isa = PBXBuildFile; fileRef = 171EBC791E769A33003099A4 /* Assets.xcassets */; };
		171EBC7D1E769A33003099A4 /* Main.storyboard in Resources */ = {isa = PBXBuildFile; fileRef = 171EBC7B1E769A33003099A4 /* Main.storyboard */; };
		171EBC821E76AE0E003099A4 /* CubeHelix.m in Sources */ = {isa = PBXBuildFile; fileRef = 171EBC661E768D44003099A4 /* CubeHelix.m */; };
		171EBC8B1E7BC17F003099A4 /* AppDelegate.m in Sources */ = {isa = PBXBuildFile; fileRef = 171EBC8A1E7BC17F003099A4 /* AppDelegate.m */; };
		171EBC8E1E7BC17F003099A4 /* main.m in Sources */ = {isa = PBXBuildFile; fileRef = 171EBC8D1E7BC17F003099A4 /* main.m */; };
		171EBC911E7BC17F003099A4 /* GPUViewController.m in Sources */ = {isa = PBXBuildFile; fileRef = 171EBC901E7BC17F003099A4 /* GPUViewController.m */; };
		171EBC931E7BC17F003099A4 /* Assets.xcassets in Resources */ = {isa = PBXBuildFile; fileRef = 171EBC921E7BC17F003099A4 /* Assets.xcassets */; };
		171EBC961E7BC17F003099A4 /* Main.storyboard in Resources */ = {isa = PBXBuildFile; fileRef = 171EBC941E7BC17F003099A4 /* Main.storyboard */; };
		171EBCAF1E7CDCCB003099A4 /* Complex.m in Sources */ = {isa = PBXBuildFile; fileRef = 171EBC441E757EBA003099A4 /* Complex.m */; };
		171EBCB01E7CDE16003099A4 /* FGLTFractal.m in Sources */ = {isa = PBXBuildFile; fileRef = 171EBC471E757EBA003099A4 /* FGLTFractal.m */; };
		171EBCB21E7CDE33003099A4 /* FGTHSBSupport.m in Sources */ = {isa = PBXBuildFile; fileRef = 171EBC4B1E757EBA003099A4 /* FGTHSBSupport.m */; };
		171EBCB31E7CE10A003099A4 /* FGSwitch.m in Sources */ = {isa = PBXBuildFile; fileRef = 171EBC491E757EBA003099A4 /* FGSwitch.m */; };
		171EBCB41E7CE572003099A4 /* Shaders.metal in Sources */ = {isa = PBXBuildFile; fileRef = 171EBCAA1E7CDA5D003099A4 /* Shaders.metal */; };
		171EBCB71E7D3A65003099A4 /* FGLTGradientRenderer.m in Sources */ = {isa = PBXBuildFile; fileRef = 171EBCB61E7D3A65003099A4 /* FGLTGradientRenderer.m */; };
		171EBCB91E7E3D93003099A4 /* ProgressIndictor.m in Sources */ = {isa = PBXBuildFile; fileRef = 171EBC4D1E757EBA003099A4 /* ProgressIndictor.m */; };
		17672B781E7EA66A007F1771 /* main.m in Sources */ = {isa = PBXBuildFile; fileRef = 17672B771E7EA66A007F1771 /* main.m */; };
		17672B7B1E7EA66A007F1771 /* AppDelegate.m in Sources */ = {isa = PBXBuildFile; fileRef = 17672B7A1E7EA66A007F1771 /* AppDelegate.m */; };
		17672B7E1E7EA66A007F1771 /* GPUViewController.m in Sources */ = {isa = PBXBuildFile; fileRef = 17672B7D1E7EA66A007F1771 /* GPUViewController.m */; };
		17672B811E7EA66A007F1771 /* Main.storyboard in Resources */ = {isa = PBXBuildFile; fileRef = 17672B7F1E7EA66A007F1771 /* Main.storyboard */; };
		17672B831E7EA66A007F1771 /* Assets.xcassets in Resources */ = {isa = PBXBuildFile; fileRef = 17672B821E7EA66A007F1771 /* Assets.xcassets */; };
		17672B861E7EA66A007F1771 /* LaunchScreen.storyboard in Resources */ = {isa = PBXBuildFile; fileRef = 17672B841E7EA66A007F1771 /* LaunchScreen.storyboard */; };
		17672B8B1E7EA999007F1771 /* Shaders.metal in Sources */ = {isa = PBXBuildFile; fileRef = 171EBCAA1E7CDA5D003099A4 /* Shaders.metal */; };
		17672B8C1E7EA999007F1771 /* FGSwitch.m in Sources */ = {isa = PBXBuildFile; fileRef = 171EBC491E757EBA003099A4 /* FGSwitch.m */; };
		17672B8D1E7EA999007F1771 /* FGTHSBSupport.m in Sources */ = {isa = PBXBuildFile; fileRef = 171EBC4B1E757EBA003099A4 /* FGTHSBSupport.m */; };
		17672B8E1E7EA999007F1771 /* ProgressIndictor.m in Sources */ = {isa = PBXBuildFile; fileRef = 171EBC4D1E757EBA003099A4 /* ProgressIndictor.m */; };
		17672B8F1E7EA999007F1771 /* FGLTGradientRenderer.m in Sources */ = {isa = PBXBuildFile; fileRef = 171EBCB61E7D3A65003099A4 /* FGLTGradientRenderer.m */; };
/* End PBXBuildFile section */

/* Begin PBXFileReference section */
		171EBBF31E757DEE003099A4 /* Fractal.app */ = {isa = PBXFileReference; explicitFileType = wrapper.application; includeInIndex = 0; path = Fractal.app; sourceTree = BUILT_PRODUCTS_DIR; };
		171EBC121E757E82003099A4 /* FractalIOS.app */ = {isa = PBXFileReference; explicitFileType = wrapper.application; includeInIndex = 0; path = FractalIOS.app; sourceTree = BUILT_PRODUCTS_DIR; };
		171EBC151E757E82003099A4 /* main.m */ = {isa = PBXFileReference; lastKnownFileType = sourcecode.c.objc; path = main.m; sourceTree = "<group>"; };
		171EBC1E1E757E82003099A4 /* Base */ = {isa = PBXFileReference; lastKnownFileType = file.storyboard; name = Base; path = Base.lproj/Main.storyboard; sourceTree = "<group>"; };
		171EBC201E757E82003099A4 /* Assets.xcassets */ = {isa = PBXFileReference; lastKnownFileType = folder.assetcatalog; path = Assets.xcassets; sourceTree = "<group>"; };
		171EBC231E757E82003099A4 /* Base */ = {isa = PBXFileReference; lastKnownFileType = file.storyboard; name = Base; path = Base.lproj/LaunchScreen.storyboard; sourceTree = "<group>"; };
		171EBC251E757E82003099A4 /* Info.plist */ = {isa = PBXFileReference; lastKnownFileType = text.plist.xml; path = Info.plist; sourceTree = "<group>"; };
		171EBC2D1E757E96003099A4 /* FractalMacOS.app */ = {isa = PBXFileReference; explicitFileType = wrapper.application; includeInIndex = 0; path = FractalMacOS.app; sourceTree = BUILT_PRODUCTS_DIR; };
		171EBC331E757E96003099A4 /* main.m */ = {isa = PBXFileReference; lastKnownFileType = sourcecode.c.objc; path = main.m; sourceTree = "<group>"; };
		171EBC381E757E96003099A4 /* Assets.xcassets */ = {isa = PBXFileReference; lastKnownFileType = folder.assetcatalog; path = Assets.xcassets; sourceTree = "<group>"; };
		171EBC3B1E757E96003099A4 /* Base */ = {isa = PBXFileReference; lastKnownFileType = file.storyboard; name = Base; path = Base.lproj/Main.storyboard; sourceTree = "<group>"; };
		171EBC3D1E757E96003099A4 /* Info.plist */ = {isa = PBXFileReference; lastKnownFileType = text.plist.xml; path = Info.plist; sourceTree = "<group>"; };
		171EBC411E757EBA003099A4 /* AppDelegate.h */ = {isa = PBXFileReference; fileEncoding = 4; lastKnownFileType = sourcecode.c.h; path = AppDelegate.h; sourceTree = "<group>"; };
		171EBC421E757EBA003099A4 /* AppDelegate.m */ = {isa = PBXFileReference; fileEncoding = 4; lastKnownFileType = sourcecode.c.objc; path = AppDelegate.m; sourceTree = "<group>"; };
		171EBC431E757EBA003099A4 /* Complex.h */ = {isa = PBXFileReference; fileEncoding = 4; lastKnownFileType = sourcecode.c.h; path = Complex.h; sourceTree = "<group>"; };
		171EBC441E757EBA003099A4 /* Complex.m */ = {isa = PBXFileReference; fileEncoding = 4; lastKnownFileType = sourcecode.c.objc; path = Complex.m; sourceTree = "<group>"; };
		171EBC451E757EBA003099A4 /* crossHelp.h */ = {isa = PBXFileReference; fileEncoding = 4; lastKnownFileType = sourcecode.c.h; path = crossHelp.h; sourceTree = "<group>"; };
		171EBC461E757EBA003099A4 /* FGLTFractal.h */ = {isa = PBXFileReference; fileEncoding = 4; lastKnownFileType = sourcecode.c.h; path = FGLTFractal.h; sourceTree = "<group>"; };
		171EBC471E757EBA003099A4 /* FGLTFractal.m */ = {isa = PBXFileReference; fileEncoding = 4; lastKnownFileType = sourcecode.c.objc; path = FGLTFractal.m; sourceTree = "<group>"; };
		171EBC481E757EBA003099A4 /* FGSwitch.h */ = {isa = PBXFileReference; fileEncoding = 4; lastKnownFileType = sourcecode.c.h; path = FGSwitch.h; sourceTree = "<group>"; };
		171EBC491E757EBA003099A4 /* FGSwitch.m */ = {isa = PBXFileReference; fileEncoding = 4; lastKnownFileType = sourcecode.c.objc; path = FGSwitch.m; sourceTree = "<group>"; };
		171EBC4A1E757EBA003099A4 /* FGTHSBSupport.h */ = {isa = PBXFileReference; fileEncoding = 4; lastKnownFileType = sourcecode.c.h; path = FGTHSBSupport.h; sourceTree = "<group>"; };
		171EBC4B1E757EBA003099A4 /* FGTHSBSupport.m */ = {isa = PBXFileReference; fileEncoding = 4; lastKnownFileType = sourcecode.c.objc; path = FGTHSBSupport.m; sourceTree = "<group>"; };
		171EBC4C1E757EBA003099A4 /* ProgressIndictor.h */ = {isa = PBXFileReference; fileEncoding = 4; lastKnownFileType = sourcecode.c.h; path = ProgressIndictor.h; sourceTree = "<group>"; };
		171EBC4D1E757EBA003099A4 /* ProgressIndictor.m */ = {isa = PBXFileReference; fileEncoding = 4; lastKnownFileType = sourcecode.c.objc; path = ProgressIndictor.m; sourceTree = "<group>"; };
		171EBC4E1E757EBA003099A4 /* ViewController.h */ = {isa = PBXFileReference; fileEncoding = 4; lastKnownFileType = sourcecode.c.h; path = ViewController.h; sourceTree = "<group>"; };
		171EBC4F1E757EBA003099A4 /* ViewController.m */ = {isa = PBXFileReference; fileEncoding = 4; lastKnownFileType = sourcecode.c.objc; path = ViewController.m; sourceTree = "<group>"; };
		171EBC651E768D44003099A4 /* CubeHelix.h */ = {isa = PBXFileReference; fileEncoding = 4; lastKnownFileType = sourcecode.c.h; path = CubeHelix.h; sourceTree = "<group>"; };
		171EBC661E768D44003099A4 /* CubeHelix.m */ = {isa = PBXFileReference; fileEncoding = 4; lastKnownFileType = sourcecode.c.objc; path = CubeHelix.m; sourceTree = "<group>"; };
		171EBC6E1E769A33003099A4 /* CubeHelix.app */ = {isa = PBXFileReference; explicitFileType = wrapper.application; includeInIndex = 0; path = CubeHelix.app; sourceTree = BUILT_PRODUCTS_DIR; };
		171EBC701E769A33003099A4 /* AppDelegate.h */ = {isa = PBXFileReference; lastKnownFileType = sourcecode.c.h; path = AppDelegate.h; sourceTree = "<group>"; };
		171EBC711E769A33003099A4 /* AppDelegate.m */ = {isa = PBXFileReference; lastKnownFileType = sourcecode.c.objc; path = AppDelegate.m; sourceTree = "<group>"; };
		171EBC741E769A33003099A4 /* main.m */ = {isa = PBXFileReference; lastKnownFileType = sourcecode.c.objc; path = main.m; sourceTree = "<group>"; };
		171EBC761E769A33003099A4 /* ViewController.h */ = {isa = PBXFileReference; lastKnownFileType = sourcecode.c.h; path = ViewController.h; sourceTree = "<group>"; };
		171EBC771E769A33003099A4 /* ViewController.m */ = {isa = PBXFileReference; lastKnownFileType = sourcecode.c.objc; path = ViewController.m; sourceTree = "<group>"; };
		171EBC791E769A33003099A4 /* Assets.xcassets */ = {isa = PBXFileReference; lastKnownFileType = folder.assetcatalog; path = Assets.xcassets; sourceTree = "<group>"; };
		171EBC7C1E769A33003099A4 /* Base */ = {isa = PBXFileReference; lastKnownFileType = file.storyboard; name = Base; path = Base.lproj/Main.storyboard; sourceTree = "<group>"; };
		171EBC7E1E769A33003099A4 /* Info.plist */ = {isa = PBXFileReference; lastKnownFileType = text.plist.xml; path = Info.plist; sourceTree = "<group>"; };
		171EBC871E7BC17F003099A4 /* GPUFractalMacOS.app */ = {isa = PBXFileReference; explicitFileType = wrapper.application; includeInIndex = 0; path = GPUFractalMacOS.app; sourceTree = BUILT_PRODUCTS_DIR; };
		171EBC891E7BC17F003099A4 /* AppDelegate.h */ = {isa = PBXFileReference; lastKnownFileType = sourcecode.c.h; path = AppDelegate.h; sourceTree = "<group>"; };
		171EBC8A1E7BC17F003099A4 /* AppDelegate.m */ = {isa = PBXFileReference; lastKnownFileType = sourcecode.c.objc; path = AppDelegate.m; sourceTree = "<group>"; };
		171EBC8D1E7BC17F003099A4 /* main.m */ = {isa = PBXFileReference; lastKnownFileType = sourcecode.c.objc; path = main.m; sourceTree = "<group>"; };
		171EBC8F1E7BC17F003099A4 /* GPUViewController.h */ = {isa = PBXFileReference; lastKnownFileType = sourcecode.c.h; path = GPUViewController.h; sourceTree = "<group>"; };
		171EBC901E7BC17F003099A4 /* GPUViewController.m */ = {isa = PBXFileReference; lastKnownFileType = sourcecode.c.objc; path = GPUViewController.m; sourceTree = "<group>"; };
		171EBC921E7BC17F003099A4 /* Assets.xcassets */ = {isa = PBXFileReference; lastKnownFileType = folder.assetcatalog; path = Assets.xcassets; sourceTree = "<group>"; };
		171EBC951E7BC17F003099A4 /* Base */ = {isa = PBXFileReference; lastKnownFileType = file.storyboard; name = Base; path = Base.lproj/Main.storyboard; sourceTree = "<group>"; };
		171EBC971E7BC17F003099A4 /* Info.plist */ = {isa = PBXFileReference; lastKnownFileType = text.plist.xml; path = Info.plist; sourceTree = "<group>"; };
		171EBCAA1E7CDA5D003099A4 /* Shaders.metal */ = {isa = PBXFileReference; fileEncoding = 4; lastKnownFileType = sourcecode.metal; path = Shaders.metal; sourceTree = "<group>"; };
		171EBCB51E7D3A65003099A4 /* FGLTGradientRenderer.h */ = {isa = PBXFileReference; fileEncoding = 4; lastKnownFileType = sourcecode.c.h; path = FGLTGradientRenderer.h; sourceTree = "<group>"; };
		171EBCB61E7D3A65003099A4 /* FGLTGradientRenderer.m */ = {isa = PBXFileReference; fileEncoding = 4; lastKnownFileType = sourcecode.c.objc; path = FGLTGradientRenderer.m; sourceTree = "<group>"; };
		171EBCB81E7D3AA5003099A4 /* GPURender.h */ = {isa = PBXFileReference; fileEncoding = 4; lastKnownFileType = sourcecode.c.h; path = GPURender.h; sourceTree = "<group>"; };
		17672B741E7EA66A007F1771 /* GPUFractalIOS.app */ = {isa = PBXFileReference; explicitFileType = wrapper.application; includeInIndex = 0; path = GPUFractalIOS.app; sourceTree = BUILT_PRODUCTS_DIR; };
		17672B771E7EA66A007F1771 /* main.m */ = {isa = PBXFileReference; lastKnownFileType = sourcecode.c.objc; path = main.m; sourceTree = "<group>"; };
		17672B791E7EA66A007F1771 /* AppDelegate.h */ = {isa = PBXFileReference; lastKnownFileType = sourcecode.c.h; path = AppDelegate.h; sourceTree = "<group>"; };
		17672B7A1E7EA66A007F1771 /* AppDelegate.m */ = {isa = PBXFileReference; lastKnownFileType = sourcecode.c.objc; path = AppDelegate.m; sourceTree = "<group>"; };
		17672B7C1E7EA66A007F1771 /* GPUViewController.h */ = {isa = PBXFileReference; lastKnownFileType = sourcecode.c.h; path = GPUViewController.h; sourceTree = "<group>"; };
		17672B7D1E7EA66A007F1771 /* GPUViewController.m */ = {isa = PBXFileReference; lastKnownFileType = sourcecode.c.objc; path = GPUViewController.m; sourceTree = "<group>"; };
		17672B801E7EA66A007F1771 /* Base */ = {isa = PBXFileReference; lastKnownFileType = file.storyboard; name = Base; path = Base.lproj/Main.storyboard; sourceTree = "<group>"; };
		17672B821E7EA66A007F1771 /* Assets.xcassets */ = {isa = PBXFileReference; lastKnownFileType = folder.assetcatalog; path = Assets.xcassets; sourceTree = "<group>"; };
		17672B851E7EA66A007F1771 /* Base */ = {isa = PBXFileReference; lastKnownFileType = file.storyboard; name = Base; path = Base.lproj/LaunchScreen.storyboard; sourceTree = "<group>"; };
		17672B871E7EA66A007F1771 /* Info.plist */ = {isa = PBXFileReference; lastKnownFileType = text.plist.xml; path = Info.plist; sourceTree = "<group>"; };
/* End PBXFileReference section */

/* Begin PBXFrameworksBuildPhase section */
		171EBBF01E757DEE003099A4 /* Frameworks */ = {
			isa = PBXFrameworksBuildPhase;
			buildActionMask = 2147483647;
			files = (
			);
			runOnlyForDeploymentPostprocessing = 0;
		};
		171EBC0F1E757E82003099A4 /* Frameworks */ = {
			isa = PBXFrameworksBuildPhase;
			buildActionMask = 2147483647;
			files = (
			);
			runOnlyForDeploymentPostprocessing = 0;
		};
		171EBC2A1E757E96003099A4 /* Frameworks */ = {
			isa = PBXFrameworksBuildPhase;
			buildActionMask = 2147483647;
			files = (
			);
			runOnlyForDeploymentPostprocessing = 0;
		};
		171EBC6B1E769A33003099A4 /* Frameworks */ = {
			isa = PBXFrameworksBuildPhase;
			buildActionMask = 2147483647;
			files = (
			);
			runOnlyForDeploymentPostprocessing = 0;
		};
		171EBC841E7BC17F003099A4 /* Frameworks */ = {
			isa = PBXFrameworksBuildPhase;
			buildActionMask = 2147483647;
			files = (
			);
			runOnlyForDeploymentPostprocessing = 0;
		};
		17672B711E7EA66A007F1771 /* Frameworks */ = {
			isa = PBXFrameworksBuildPhase;
			buildActionMask = 2147483647;
			files = (
			);
			runOnlyForDeploymentPostprocessing = 0;
		};
/* End PBXFrameworksBuildPhase section */

/* Begin PBXGroup section */
		171EBBEA1E757DEE003099A4 = {
			isa = PBXGroup;
			children = (
				171EBC0D1E757E39003099A4 /* Common */,
				171EBC131E757E82003099A4 /* FractalIOS */,
				171EBC2E1E757E96003099A4 /* FractalMacOS */,
				171EBC6F1E769A33003099A4 /* CubeHelix */,
				171EBC881E7BC17F003099A4 /* GPUFractalMacOS */,
				17672B751E7EA66A007F1771 /* GPUFractalIOS */,
				171EBBF41E757DEE003099A4 /* Products */,
			);
			sourceTree = "<group>";
		};
		171EBBF41E757DEE003099A4 /* Products */ = {
			isa = PBXGroup;
			children = (
				171EBBF31E757DEE003099A4 /* Fractal.app */,
				171EBC121E757E82003099A4 /* FractalIOS.app */,
				171EBC2D1E757E96003099A4 /* FractalMacOS.app */,
				171EBC6E1E769A33003099A4 /* CubeHelix.app */,
				171EBC871E7BC17F003099A4 /* GPUFractalMacOS.app */,
				17672B741E7EA66A007F1771 /* GPUFractalIOS.app */,
			);
			name = Products;
			sourceTree = "<group>";
		};
		171EBC0D1E757E39003099A4 /* Common */ = {
			isa = PBXGroup;
			children = (
				171EBCAA1E7CDA5D003099A4 /* Shaders.metal */,
				171EBC411E757EBA003099A4 /* AppDelegate.h */,
				171EBC421E757EBA003099A4 /* AppDelegate.m */,
				171EBC431E757EBA003099A4 /* Complex.h */,
				171EBC441E757EBA003099A4 /* Complex.m */,
				171EBC451E757EBA003099A4 /* crossHelp.h */,
				171EBC461E757EBA003099A4 /* FGLTFractal.h */,
				171EBC471E757EBA003099A4 /* FGLTFractal.m */,
				171EBC481E757EBA003099A4 /* FGSwitch.h */,
				171EBC491E757EBA003099A4 /* FGSwitch.m */,
				171EBC4A1E757EBA003099A4 /* FGTHSBSupport.h */,
				171EBC4B1E757EBA003099A4 /* FGTHSBSupport.m */,
				171EBC4C1E757EBA003099A4 /* ProgressIndictor.h */,
				171EBC4D1E757EBA003099A4 /* ProgressIndictor.m */,
				171EBC4E1E757EBA003099A4 /* ViewController.h */,
				171EBC4F1E757EBA003099A4 /* ViewController.m */,
				171EBC651E768D44003099A4 /* CubeHelix.h */,
				171EBC661E768D44003099A4 /* CubeHelix.m */,
				171EBCB51E7D3A65003099A4 /* FGLTGradientRenderer.h */,
				171EBCB61E7D3A65003099A4 /* FGLTGradientRenderer.m */,
				171EBCB81E7D3AA5003099A4 /* GPURender.h */,
			);
			path = Common;
			sourceTree = "<group>";
		};
		171EBC131E757E82003099A4 /* FractalIOS */ = {
			isa = PBXGroup;
			children = (
				171EBC1D1E757E82003099A4 /* Main.storyboard */,
				171EBC201E757E82003099A4 /* Assets.xcassets */,
				171EBC221E757E82003099A4 /* LaunchScreen.storyboard */,
				171EBC251E757E82003099A4 /* Info.plist */,
				171EBC141E757E82003099A4 /* Supporting Files */,
			);
			path = FractalIOS;
			sourceTree = "<group>";
		};
		171EBC141E757E82003099A4 /* Supporting Files */ = {
			isa = PBXGroup;
			children = (
				171EBC151E757E82003099A4 /* main.m */,
			);
			name = "Supporting Files";
			sourceTree = "<group>";
		};
		171EBC2E1E757E96003099A4 /* FractalMacOS */ = {
			isa = PBXGroup;
			children = (
				171EBC381E757E96003099A4 /* Assets.xcassets */,
				171EBC3A1E757E96003099A4 /* Main.storyboard */,
				171EBC3D1E757E96003099A4 /* Info.plist */,
				171EBC321E757E96003099A4 /* Supporting Files */,
			);
			path = FractalMacOS;
			sourceTree = "<group>";
		};
		171EBC321E757E96003099A4 /* Supporting Files */ = {
			isa = PBXGroup;
			children = (
				171EBC331E757E96003099A4 /* main.m */,
			);
			name = "Supporting Files";
			sourceTree = "<group>";
		};
		171EBC6F1E769A33003099A4 /* CubeHelix */ = {
			isa = PBXGroup;
			children = (
				171EBC701E769A33003099A4 /* AppDelegate.h */,
				171EBC711E769A33003099A4 /* AppDelegate.m */,
				171EBC761E769A33003099A4 /* ViewController.h */,
				171EBC771E769A33003099A4 /* ViewController.m */,
				171EBC791E769A33003099A4 /* Assets.xcassets */,
				171EBC7B1E769A33003099A4 /* Main.storyboard */,
				171EBC7E1E769A33003099A4 /* Info.plist */,
				171EBC731E769A33003099A4 /* Supporting Files */,
			);
			path = CubeHelix;
			sourceTree = "<group>";
		};
		171EBC731E769A33003099A4 /* Supporting Files */ = {
			isa = PBXGroup;
			children = (
				171EBC741E769A33003099A4 /* main.m */,
			);
			name = "Supporting Files";
			sourceTree = "<group>";
		};
		171EBC881E7BC17F003099A4 /* GPUFractalMacOS */ = {
			isa = PBXGroup;
			children = (
				171EBC891E7BC17F003099A4 /* AppDelegate.h */,
				171EBC8A1E7BC17F003099A4 /* AppDelegate.m */,
				171EBC8F1E7BC17F003099A4 /* GPUViewController.h */,
				171EBC901E7BC17F003099A4 /* GPUViewController.m */,
				171EBC921E7BC17F003099A4 /* Assets.xcassets */,
				171EBC941E7BC17F003099A4 /* Main.storyboard */,
				171EBC8C1E7BC17F003099A4 /* Supporting Files */,
			);
			path = GPUFractalMacOS;
			sourceTree = "<group>";
		};
		171EBC8C1E7BC17F003099A4 /* Supporting Files */ = {
			isa = PBXGroup;
			children = (
				171EBC971E7BC17F003099A4 /* Info.plist */,
				171EBC8D1E7BC17F003099A4 /* main.m */,
			);
			name = "Supporting Files";
			sourceTree = "<group>";
		};
		17672B751E7EA66A007F1771 /* GPUFractalIOS */ = {
			isa = PBXGroup;
			children = (
				17672B791E7EA66A007F1771 /* AppDelegate.h */,
				17672B7A1E7EA66A007F1771 /* AppDelegate.m */,
				17672B7C1E7EA66A007F1771 /* GPUViewController.h */,
				17672B7D1E7EA66A007F1771 /* GPUViewController.m */,
				17672B7F1E7EA66A007F1771 /* Main.storyboard */,
				17672B821E7EA66A007F1771 /* Assets.xcassets */,
				17672B841E7EA66A007F1771 /* LaunchScreen.storyboard */,
				17672B871E7EA66A007F1771 /* Info.plist */,
				17672B761E7EA66A007F1771 /* Supporting Files */,
			);
			path = GPUFractalIOS;
			sourceTree = "<group>";
		};
		17672B761E7EA66A007F1771 /* Supporting Files */ = {
			isa = PBXGroup;
			children = (
				17672B771E7EA66A007F1771 /* main.m */,
			);
			name = "Supporting Files";
			sourceTree = "<group>";
		};
/* End PBXGroup section */

/* Begin PBXNativeTarget section */
		171EBBF21E757DEE003099A4 /* Fractal */ = {
			isa = PBXNativeTarget;
			buildConfigurationList = 171EBC0A1E757DEE003099A4 /* Build configuration list for PBXNativeTarget "Fractal" */;
			buildPhases = (
				171EBBEF1E757DEE003099A4 /* Sources */,
				171EBBF01E757DEE003099A4 /* Frameworks */,
				171EBBF11E757DEE003099A4 /* Resources */,
			);
			buildRules = (
			);
			dependencies = (
			);
			name = Fractal;
			productName = Fractal;
			productReference = 171EBBF31E757DEE003099A4 /* Fractal.app */;
			productType = "com.apple.product-type.application";
		};
		171EBC111E757E82003099A4 /* FractalIOS */ = {
			isa = PBXNativeTarget;
			buildConfigurationList = 171EBC261E757E82003099A4 /* Build configuration list for PBXNativeTarget "FractalIOS" */;
			buildPhases = (
				171EBC0E1E757E82003099A4 /* Sources */,
				171EBC0F1E757E82003099A4 /* Frameworks */,
				171EBC101E757E82003099A4 /* Resources */,
			);
			buildRules = (
			);
			dependencies = (
			);
			name = FractalIOS;
			productName = FractalIOS;
			productReference = 171EBC121E757E82003099A4 /* FractalIOS.app */;
			productType = "com.apple.product-type.application";
		};
		171EBC2C1E757E96003099A4 /* FractalMacOS */ = {
			isa = PBXNativeTarget;
			buildConfigurationList = 171EBC3E1E757E96003099A4 /* Build configuration list for PBXNativeTarget "FractalMacOS" */;
			buildPhases = (
				171EBC291E757E96003099A4 /* Sources */,
				171EBC2A1E757E96003099A4 /* Frameworks */,
				171EBC2B1E757E96003099A4 /* Resources */,
			);
			buildRules = (
			);
			dependencies = (
			);
			name = FractalMacOS;
			productName = FractalMacOS;
			productReference = 171EBC2D1E757E96003099A4 /* FractalMacOS.app */;
			productType = "com.apple.product-type.application";
		};
		171EBC6D1E769A33003099A4 /* CubeHelix */ = {
			isa = PBXNativeTarget;
			buildConfigurationList = 171EBC7F1E769A33003099A4 /* Build configuration list for PBXNativeTarget "CubeHelix" */;
			buildPhases = (
				171EBC6A1E769A33003099A4 /* Sources */,
				171EBC6B1E769A33003099A4 /* Frameworks */,
				171EBC6C1E769A33003099A4 /* Resources */,
			);
			buildRules = (
			);
			dependencies = (
			);
			name = CubeHelix;
			productName = CubeHelix;
			productReference = 171EBC6E1E769A33003099A4 /* CubeHelix.app */;
			productType = "com.apple.product-type.application";
		};
		171EBC861E7BC17F003099A4 /* GPUFractalMacOS */ = {
			isa = PBXNativeTarget;
			buildConfigurationList = 171EBC981E7BC17F003099A4 /* Build configuration list for PBXNativeTarget "GPUFractalMacOS" */;
			buildPhases = (
				171EBC831E7BC17F003099A4 /* Sources */,
				171EBC841E7BC17F003099A4 /* Frameworks */,
				171EBC851E7BC17F003099A4 /* Resources */,
			);
			buildRules = (
			);
			dependencies = (
			);
			name = GPUFractalMacOS;
			productName = GPUFractalMacOS;
			productReference = 171EBC871E7BC17F003099A4 /* GPUFractalMacOS.app */;
			productType = "com.apple.product-type.application";
		};
		17672B731E7EA66A007F1771 /* GPUFractalIOS */ = {
			isa = PBXNativeTarget;
			buildConfigurationList = 17672B8A1E7EA66A007F1771 /* Build configuration list for PBXNativeTarget "GPUFractalIOS" */;
			buildPhases = (
				17672B701E7EA66A007F1771 /* Sources */,
				17672B711E7EA66A007F1771 /* Frameworks */,
				17672B721E7EA66A007F1771 /* Resources */,
			);
			buildRules = (
			);
			dependencies = (
			);
			name = GPUFractalIOS;
			productName = GPUFractalIOS;
			productReference = 17672B741E7EA66A007F1771 /* GPUFractalIOS.app */;
			productType = "com.apple.product-type.application";
		};
/* End PBXNativeTarget section */

/* Begin PBXProject section */
		171EBBEB1E757DEE003099A4 /* Project object */ = {
			isa = PBXProject;
			attributes = {
				LastUpgradeCheck = 0820;
				ORGANIZATIONNAME = Coding;
				TargetAttributes = {
					171EBBF21E757DEE003099A4 = {
						CreatedOnToolsVersion = 8.2.1;
						DevelopmentTeam = TQWU9HD7N3;
						ProvisioningStyle = Automatic;
					};
					171EBC111E757E82003099A4 = {
						CreatedOnToolsVersion = 8.2.1;
						DevelopmentTeam = TQWU9HD7N3;
						ProvisioningStyle = Automatic;
					};
					171EBC2C1E757E96003099A4 = {
						CreatedOnToolsVersion = 8.2.1;
						DevelopmentTeam = TQWU9HD7N3;
						ProvisioningStyle = Automatic;
					};
					171EBC6D1E769A33003099A4 = {
						CreatedOnToolsVersion = 8.2.1;
						DevelopmentTeam = TQWU9HD7N3;
						ProvisioningStyle = Automatic;
					};
					171EBC861E7BC17F003099A4 = {
						CreatedOnToolsVersion = 8.2.1;
						DevelopmentTeam = TQWU9HD7N3;
						ProvisioningStyle = Automatic;
					};
					17672B731E7EA66A007F1771 = {
						CreatedOnToolsVersion = 8.2.1;
						DevelopmentTeam = TQWU9HD7N3;
						ProvisioningStyle = Automatic;
					};
				};
			};
			buildConfigurationList = 171EBBEE1E757DEE003099A4 /* Build configuration list for PBXProject "Fractal" */;
			compatibilityVersion = "Xcode 3.2";
			developmentRegion = English;
			hasScannedForEncodings = 0;
			knownRegions = (
				en,
				Base,
			);
			mainGroup = 171EBBEA1E757DEE003099A4;
			productRefGroup = 171EBBF41E757DEE003099A4 /* Products */;
			projectDirPath = "";
			projectRoot = "";
			targets = (
				171EBBF21E757DEE003099A4 /* Fractal */,
				171EBC111E757E82003099A4 /* FractalIOS */,
				171EBC2C1E757E96003099A4 /* FractalMacOS */,
				171EBC6D1E769A33003099A4 /* CubeHelix */,
				171EBC861E7BC17F003099A4 /* GPUFractalMacOS */,
				17672B731E7EA66A007F1771 /* GPUFractalIOS */,
			);
		};
/* End PBXProject section */

/* Begin PBXResourcesBuildPhase section */
		171EBBF11E757DEE003099A4 /* Resources */ = {
			isa = PBXResourcesBuildPhase;
			buildActionMask = 2147483647;
			files = (
			);
			runOnlyForDeploymentPostprocessing = 0;
		};
		171EBC101E757E82003099A4 /* Resources */ = {
			isa = PBXResourcesBuildPhase;
			buildActionMask = 2147483647;
			files = (
				171EBC241E757E82003099A4 /* LaunchScreen.storyboard in Resources */,
				171EBC211E757E82003099A4 /* Assets.xcassets in Resources */,
				171EBC1F1E757E82003099A4 /* Main.storyboard in Resources */,
			);
			runOnlyForDeploymentPostprocessing = 0;
		};
		171EBC2B1E757E96003099A4 /* Resources */ = {
			isa = PBXResourcesBuildPhase;
			buildActionMask = 2147483647;
			files = (
				171EBC391E757E96003099A4 /* Assets.xcassets in Resources */,
				171EBC3C1E757E96003099A4 /* Main.storyboard in Resources */,
			);
			runOnlyForDeploymentPostprocessing = 0;
		};
		171EBC6C1E769A33003099A4 /* Resources */ = {
			isa = PBXResourcesBuildPhase;
			buildActionMask = 2147483647;
			files = (
				171EBC7A1E769A33003099A4 /* Assets.xcassets in Resources */,
				171EBC7D1E769A33003099A4 /* Main.storyboard in Resources */,
			);
			runOnlyForDeploymentPostprocessing = 0;
		};
		171EBC851E7BC17F003099A4 /* Resources */ = {
			isa = PBXResourcesBuildPhase;
			buildActionMask = 2147483647;
			files = (
				171EBC931E7BC17F003099A4 /* Assets.xcassets in Resources */,
				171EBC961E7BC17F003099A4 /* Main.storyboard in Resources */,
			);
			runOnlyForDeploymentPostprocessing = 0;
		};
		17672B721E7EA66A007F1771 /* Resources */ = {
			isa = PBXResourcesBuildPhase;
			buildActionMask = 2147483647;
			files = (
				17672B861E7EA66A007F1771 /* LaunchScreen.storyboard in Resources */,
				17672B831E7EA66A007F1771 /* Assets.xcassets in Resources */,
				17672B811E7EA66A007F1771 /* Main.storyboard in Resources */,
			);
			runOnlyForDeploymentPostprocessing = 0;
		};
/* End PBXResourcesBuildPhase section */

/* Begin PBXSourcesBuildPhase section */
		171EBBEF1E757DEE003099A4 /* Sources */ = {
			isa = PBXSourcesBuildPhase;
			buildActionMask = 2147483647;
			files = (
			);
			runOnlyForDeploymentPostprocessing = 0;
		};
		171EBC0E1E757E82003099A4 /* Sources */ = {
			isa = PBXSourcesBuildPhase;
			buildActionMask = 2147483647;
			files = (
				171EBC571E757F2E003099A4 /* AppDelegate.m in Sources */,
				171EBC581E757F2E003099A4 /* Complex.m in Sources */,
				171EBC591E757F2E003099A4 /* FGLTFractal.m in Sources */,
				171EBC5A1E757F2E003099A4 /* FGSwitch.m in Sources */,
				171EBC5B1E757F2E003099A4 /* FGTHSBSupport.m in Sources */,
				171EBC5C1E757F2E003099A4 /* ProgressIndictor.m in Sources */,
				171EBC5D1E757F2E003099A4 /* ViewController.m in Sources */,
				171EBC161E757E82003099A4 /* main.m in Sources */,
			);
			runOnlyForDeploymentPostprocessing = 0;
		};
		171EBC291E757E96003099A4 /* Sources */ = {
			isa = PBXSourcesBuildPhase;
			buildActionMask = 2147483647;
			files = (
				171EBC5E1E757F3D003099A4 /* AppDelegate.m in Sources */,
				171EBC5F1E757F3D003099A4 /* Complex.m in Sources */,
				171EBC601E757F3D003099A4 /* FGLTFractal.m in Sources */,
				171EBC611E757F3D003099A4 /* FGSwitch.m in Sources */,
				171EBC621E757F3D003099A4 /* FGTHSBSupport.m in Sources */,
				171EBC631E757F3D003099A4 /* ProgressIndictor.m in Sources */,
				171EBC691E768D44003099A4 /* CubeHelix.m in Sources */,
				171EBC641E757F3D003099A4 /* ViewController.m in Sources */,
				171EBC341E757E96003099A4 /* main.m in Sources */,
			);
			runOnlyForDeploymentPostprocessing = 0;
		};
		171EBC6A1E769A33003099A4 /* Sources */ = {
			isa = PBXSourcesBuildPhase;
			buildActionMask = 2147483647;
			files = (
				171EBC821E76AE0E003099A4 /* CubeHelix.m in Sources */,
				171EBC781E769A33003099A4 /* ViewController.m in Sources */,
				171EBC751E769A33003099A4 /* main.m in Sources */,
				171EBC721E769A33003099A4 /* AppDelegate.m in Sources */,
			);
			runOnlyForDeploymentPostprocessing = 0;
		};
		171EBC831E7BC17F003099A4 /* Sources */ = {
			isa = PBXSourcesBuildPhase;
			buildActionMask = 2147483647;
			files = (
				171EBCB91E7E3D93003099A4 /* ProgressIndictor.m in Sources */,
				171EBCB41E7CE572003099A4 /* Shaders.metal in Sources */,
				171EBCB31E7CE10A003099A4 /* FGSwitch.m in Sources */,
				171EBCB21E7CDE33003099A4 /* FGTHSBSupport.m in Sources */,
				171EBCB01E7CDE16003099A4 /* FGLTFractal.m in Sources */,
				171EBCAF1E7CDCCB003099A4 /* Complex.m in Sources */,
				171EBC911E7BC17F003099A4 /* GPUViewController.m in Sources */,
				171EBC8E1E7BC17F003099A4 /* main.m in Sources */,
				171EBC8B1E7BC17F003099A4 /* AppDelegate.m in Sources */,
				171EBCB71E7D3A65003099A4 /* FGLTGradientRenderer.m in Sources */,
			);
			runOnlyForDeploymentPostprocessing = 0;
		};
		17672B701E7EA66A007F1771 /* Sources */ = {
			isa = PBXSourcesBuildPhase;
			buildActionMask = 2147483647;
			files = (
				17672B8B1E7EA999007F1771 /* Shaders.metal in Sources */,
				17672B8C1E7EA999007F1771 /* FGSwitch.m in Sources */,
				17672B8D1E7EA999007F1771 /* FGTHSBSupport.m in Sources */,
				17672B8E1E7EA999007F1771 /* ProgressIndictor.m in Sources */,
				17672B8F1E7EA999007F1771 /* FGLTGradientRenderer.m in Sources */,
				17672B7E1E7EA66A007F1771 /* GPUViewController.m in Sources */,
				17672B7B1E7EA66A007F1771 /* AppDelegate.m in Sources */,
				17672B781E7EA66A007F1771 /* main.m in Sources */,
			);
			runOnlyForDeploymentPostprocessing = 0;
		};
/* End PBXSourcesBuildPhase section */

/* Begin PBXVariantGroup section */
		171EBC1D1E757E82003099A4 /* Main.storyboard */ = {
			isa = PBXVariantGroup;
			children = (
				171EBC1E1E757E82003099A4 /* Base */,
			);
			name = Main.storyboard;
			sourceTree = "<group>";
		};
		171EBC221E757E82003099A4 /* LaunchScreen.storyboard */ = {
			isa = PBXVariantGroup;
			children = (
				171EBC231E757E82003099A4 /* Base */,
			);
			name = LaunchScreen.storyboard;
			sourceTree = "<group>";
		};
		171EBC3A1E757E96003099A4 /* Main.storyboard */ = {
			isa = PBXVariantGroup;
			children = (
				171EBC3B1E757E96003099A4 /* Base */,
			);
			name = Main.storyboard;
			sourceTree = "<group>";
		};
		171EBC7B1E769A33003099A4 /* Main.storyboard */ = {
			isa = PBXVariantGroup;
			children = (
				171EBC7C1E769A33003099A4 /* Base */,
			);
			name = Main.storyboard;
			sourceTree = "<group>";
		};
		171EBC941E7BC17F003099A4 /* Main.storyboard */ = {
			isa = PBXVariantGroup;
			children = (
				171EBC951E7BC17F003099A4 /* Base */,
			);
			name = Main.storyboard;
			sourceTree = "<group>";
		};
		17672B7F1E7EA66A007F1771 /* Main.storyboard */ = {
			isa = PBXVariantGroup;
			children = (
				17672B801E7EA66A007F1771 /* Base */,
			);
			name = Main.storyboard;
			sourceTree = "<group>";
		};
		17672B841E7EA66A007F1771 /* LaunchScreen.storyboard */ = {
			isa = PBXVariantGroup;
			children = (
				17672B851E7EA66A007F1771 /* Base */,
			);
			name = LaunchScreen.storyboard;
			sourceTree = "<group>";
		};
/* End PBXVariantGroup section */

/* Begin XCBuildConfiguration section */
		171EBC081E757DEE003099A4 /* Debug */ = {
			isa = XCBuildConfiguration;
			buildSettings = {
				ALWAYS_SEARCH_USER_PATHS = NO;
				CLANG_ANALYZER_NONNULL = YES;
				CLANG_CXX_LANGUAGE_STANDARD = "gnu++0x";
				CLANG_CXX_LIBRARY = "libc++";
				CLANG_ENABLE_MODULES = YES;
				CLANG_ENABLE_OBJC_ARC = YES;
				CLANG_WARN_BOOL_CONVERSION = YES;
				CLANG_WARN_CONSTANT_CONVERSION = YES;
				CLANG_WARN_DIRECT_OBJC_ISA_USAGE = YES_ERROR;
				CLANG_WARN_DOCUMENTATION_COMMENTS = YES;
				CLANG_WARN_EMPTY_BODY = YES;
				CLANG_WARN_ENUM_CONVERSION = YES;
				CLANG_WARN_INFINITE_RECURSION = YES;
				CLANG_WARN_INT_CONVERSION = YES;
				CLANG_WARN_OBJC_ROOT_CLASS = YES_ERROR;
				CLANG_WARN_SUSPICIOUS_MOVE = YES;
				CLANG_WARN_UNREACHABLE_CODE = YES;
				CLANG_WARN__DUPLICATE_METHOD_MATCH = YES;
				"CODE_SIGN_IDENTITY[sdk=iphoneos*]" = "iPhone Developer";
				COPY_PHASE_STRIP = NO;
				DEBUG_INFORMATION_FORMAT = dwarf;
				ENABLE_STRICT_OBJC_MSGSEND = YES;
				ENABLE_TESTABILITY = YES;
				GCC_C_LANGUAGE_STANDARD = gnu99;
				GCC_DYNAMIC_NO_PIC = NO;
				GCC_NO_COMMON_BLOCKS = YES;
				GCC_OPTIMIZATION_LEVEL = 0;
				GCC_PREPROCESSOR_DEFINITIONS = (
					"DEBUG=1",
					"$(inherited)",
				);
				GCC_WARN_64_TO_32_BIT_CONVERSION = YES;
				GCC_WARN_ABOUT_RETURN_TYPE = YES_ERROR;
				GCC_WARN_UNDECLARED_SELECTOR = YES;
				GCC_WARN_UNINITIALIZED_AUTOS = YES_AGGRESSIVE;
				GCC_WARN_UNUSED_FUNCTION = YES;
				GCC_WARN_UNUSED_VARIABLE = YES;
				IPHONEOS_DEPLOYMENT_TARGET = 10.2;
				MTL_ENABLE_DEBUG_INFO = YES;
				ONLY_ACTIVE_ARCH = YES;
				SDKROOT = iphoneos;
				TARGETED_DEVICE_FAMILY = "1,2";
			};
			name = Debug;
		};
		171EBC091E757DEE003099A4 /* Release */ = {
			isa = XCBuildConfiguration;
			buildSettings = {
				ALWAYS_SEARCH_USER_PATHS = NO;
				CLANG_ANALYZER_NONNULL = YES;
				CLANG_CXX_LANGUAGE_STANDARD = "gnu++0x";
				CLANG_CXX_LIBRARY = "libc++";
				CLANG_ENABLE_MODULES = YES;
				CLANG_ENABLE_OBJC_ARC = YES;
				CLANG_WARN_BOOL_CONVERSION = YES;
				CLANG_WARN_CONSTANT_CONVERSION = YES;
				CLANG_WARN_DIRECT_OBJC_ISA_USAGE = YES_ERROR;
				CLANG_WARN_DOCUMENTATION_COMMENTS = YES;
				CLANG_WARN_EMPTY_BODY = YES;
				CLANG_WARN_ENUM_CONVERSION = YES;
				CLANG_WARN_INFINITE_RECURSION = YES;
				CLANG_WARN_INT_CONVERSION = YES;
				CLANG_WARN_OBJC_ROOT_CLASS = YES_ERROR;
				CLANG_WARN_SUSPICIOUS_MOVE = YES;
				CLANG_WARN_UNREACHABLE_CODE = YES;
				CLANG_WARN__DUPLICATE_METHOD_MATCH = YES;
				"CODE_SIGN_IDENTITY[sdk=iphoneos*]" = "iPhone Developer";
				COPY_PHASE_STRIP = NO;
				DEBUG_INFORMATION_FORMAT = "dwarf-with-dsym";
				ENABLE_NS_ASSERTIONS = NO;
				ENABLE_STRICT_OBJC_MSGSEND = YES;
				GCC_C_LANGUAGE_STANDARD = gnu99;
				GCC_NO_COMMON_BLOCKS = YES;
				GCC_WARN_64_TO_32_BIT_CONVERSION = YES;
				GCC_WARN_ABOUT_RETURN_TYPE = YES_ERROR;
				GCC_WARN_UNDECLARED_SELECTOR = YES;
				GCC_WARN_UNINITIALIZED_AUTOS = YES_AGGRESSIVE;
				GCC_WARN_UNUSED_FUNCTION = YES;
				GCC_WARN_UNUSED_VARIABLE = YES;
				IPHONEOS_DEPLOYMENT_TARGET = 10.2;
				MTL_ENABLE_DEBUG_INFO = NO;
				SDKROOT = iphoneos;
				TARGETED_DEVICE_FAMILY = "1,2";
				VALIDATE_PRODUCT = YES;
			};
			name = Release;
		};
		171EBC0B1E757DEE003099A4 /* Debug */ = {
			isa = XCBuildConfiguration;
			buildSettings = {
				ASSETCATALOG_COMPILER_APPICON_NAME = AppIcon;
				DEVELOPMENT_TEAM = TQWU9HD7N3;
				INFOPLIST_FILE = Fractal/Info.plist;
				LD_RUNPATH_SEARCH_PATHS = "$(inherited) @executable_path/Frameworks";
				PRODUCT_BUNDLE_IDENTIFIER = com.fglt.Fractal;
				PRODUCT_NAME = "$(TARGET_NAME)";
			};
			name = Debug;
		};
		171EBC0C1E757DEE003099A4 /* Release */ = {
			isa = XCBuildConfiguration;
			buildSettings = {
				ASSETCATALOG_COMPILER_APPICON_NAME = AppIcon;
				DEVELOPMENT_TEAM = TQWU9HD7N3;
				INFOPLIST_FILE = Fractal/Info.plist;
				LD_RUNPATH_SEARCH_PATHS = "$(inherited) @executable_path/Frameworks";
				PRODUCT_BUNDLE_IDENTIFIER = com.fglt.Fractal;
				PRODUCT_NAME = "$(TARGET_NAME)";
			};
			name = Release;
		};
		171EBC271E757E82003099A4 /* Debug */ = {
			isa = XCBuildConfiguration;
			buildSettings = {
				ASSETCATALOG_COMPILER_APPICON_NAME = AppIcon;
				DEVELOPMENT_TEAM = TQWU9HD7N3;
				INFOPLIST_FILE = FractalIOS/Info.plist;
				LD_RUNPATH_SEARCH_PATHS = "$(inherited) @executable_path/Frameworks";
				PRODUCT_BUNDLE_IDENTIFIER = com.fglt.FractalIOS;
				PRODUCT_NAME = "$(TARGET_NAME)";
			};
			name = Debug;
		};
		171EBC281E757E82003099A4 /* Release */ = {
			isa = XCBuildConfiguration;
			buildSettings = {
				ASSETCATALOG_COMPILER_APPICON_NAME = AppIcon;
				DEVELOPMENT_TEAM = TQWU9HD7N3;
				INFOPLIST_FILE = FractalIOS/Info.plist;
				LD_RUNPATH_SEARCH_PATHS = "$(inherited) @executable_path/Frameworks";
				PRODUCT_BUNDLE_IDENTIFIER = com.fglt.FractalIOS;
				PRODUCT_NAME = "$(TARGET_NAME)";
			};
			name = Release;
		};
		171EBC3F1E757E96003099A4 /* Debug */ = {
			isa = XCBuildConfiguration;
			buildSettings = {
				ASSETCATALOG_COMPILER_APPICON_NAME = AppIcon;
				CODE_SIGN_IDENTITY = "-";
				COMBINE_HIDPI_IMAGES = YES;
				DEVELOPMENT_TEAM = TQWU9HD7N3;
				INFOPLIST_FILE = FractalMacOS/Info.plist;
				LD_RUNPATH_SEARCH_PATHS = "$(inherited) @executable_path/../Frameworks";
				MACOSX_DEPLOYMENT_TARGET = 10.12;
				PRODUCT_BUNDLE_IDENTIFIER = com.fglt.FractalMacOS;
				PRODUCT_NAME = "$(TARGET_NAME)";
				SDKROOT = macosx;
			};
			name = Debug;
		};
		171EBC401E757E96003099A4 /* Release */ = {
			isa = XCBuildConfiguration;
			buildSettings = {
				ASSETCATALOG_COMPILER_APPICON_NAME = AppIcon;
				CODE_SIGN_IDENTITY = "-";
				COMBINE_HIDPI_IMAGES = YES;
				DEVELOPMENT_TEAM = TQWU9HD7N3;
				INFOPLIST_FILE = FractalMacOS/Info.plist;
				LD_RUNPATH_SEARCH_PATHS = "$(inherited) @executable_path/../Frameworks";
				MACOSX_DEPLOYMENT_TARGET = 10.12;
				PRODUCT_BUNDLE_IDENTIFIER = com.fglt.FractalMacOS;
				PRODUCT_NAME = "$(TARGET_NAME)";
				SDKROOT = macosx;
			};
			name = Release;
		};
		171EBC801E769A33003099A4 /* Debug */ = {
			isa = XCBuildConfiguration;
			buildSettings = {
				ASSETCATALOG_COMPILER_APPICON_NAME = AppIcon;
				CODE_SIGN_IDENTITY = "-";
				COMBINE_HIDPI_IMAGES = YES;
				DEVELOPMENT_TEAM = TQWU9HD7N3;
				INFOPLIST_FILE = CubeHelix/Info.plist;
				LD_RUNPATH_SEARCH_PATHS = "$(inherited) @executable_path/../Frameworks";
				MACOSX_DEPLOYMENT_TARGET = 10.12;
				PRODUCT_BUNDLE_IDENTIFIER = com.fglt.CubeHelix;
				PRODUCT_NAME = "$(TARGET_NAME)";
				SDKROOT = macosx;
			};
			name = Debug;
		};
		171EBC811E769A33003099A4 /* Release */ = {
			isa = XCBuildConfiguration;
			buildSettings = {
				ASSETCATALOG_COMPILER_APPICON_NAME = AppIcon;
				CODE_SIGN_IDENTITY = "-";
				COMBINE_HIDPI_IMAGES = YES;
				DEVELOPMENT_TEAM = TQWU9HD7N3;
				INFOPLIST_FILE = CubeHelix/Info.plist;
				LD_RUNPATH_SEARCH_PATHS = "$(inherited) @executable_path/../Frameworks";
				MACOSX_DEPLOYMENT_TARGET = 10.12;
				PRODUCT_BUNDLE_IDENTIFIER = com.fglt.CubeHelix;
				PRODUCT_NAME = "$(TARGET_NAME)";
				SDKROOT = macosx;
			};
			name = Release;
		};
		171EBC991E7BC17F003099A4 /* Debug */ = {
			isa = XCBuildConfiguration;
			buildSettings = {
				ASSETCATALOG_COMPILER_APPICON_NAME = AppIcon;
				CODE_SIGN_IDENTITY = "-";
				COMBINE_HIDPI_IMAGES = YES;
				DEVELOPMENT_TEAM = TQWU9HD7N3;
				INFOPLIST_FILE = GPUFractalMacOS/Info.plist;
				LD_RUNPATH_SEARCH_PATHS = "$(inherited) @executable_path/../Frameworks";
				MACOSX_DEPLOYMENT_TARGET = 10.12;
				PRODUCT_BUNDLE_IDENTIFIER = com.fglt.GPUFractalMacOS;
				PRODUCT_NAME = "$(TARGET_NAME)";
				SDKROOT = macosx;
			};
			name = Debug;
		};
		171EBC9A1E7BC17F003099A4 /* Release */ = {
			isa = XCBuildConfiguration;
			buildSettings = {
				ASSETCATALOG_COMPILER_APPICON_NAME = AppIcon;
				CODE_SIGN_IDENTITY = "-";
				COMBINE_HIDPI_IMAGES = YES;
				DEVELOPMENT_TEAM = TQWU9HD7N3;
				INFOPLIST_FILE = GPUFractalMacOS/Info.plist;
				LD_RUNPATH_SEARCH_PATHS = "$(inherited) @executable_path/../Frameworks";
				MACOSX_DEPLOYMENT_TARGET = 10.12;
				PRODUCT_BUNDLE_IDENTIFIER = com.fglt.GPUFractalMacOS;
				PRODUCT_NAME = "$(TARGET_NAME)";
				SDKROOT = macosx;
			};
			name = Release;
		};
		17672B881E7EA66A007F1771 /* Debug */ = {
			isa = XCBuildConfiguration;
			buildSettings = {
				ASSETCATALOG_COMPILER_APPICON_NAME = AppIcon;
				DEVELOPMENT_TEAM = TQWU9HD7N3;
				INFOPLIST_FILE = GPUFractalIOS/Info.plist;
				LD_RUNPATH_SEARCH_PATHS = "$(inherited) @executable_path/Frameworks";
				PRODUCT_BUNDLE_IDENTIFIER = com.fglt.GPUFractalIOS;
				PRODUCT_NAME = "$(TARGET_NAME)";
			};
			name = Debug;
		};
		17672B891E7EA66A007F1771 /* Release */ = {
			isa = XCBuildConfiguration;
			buildSettings = {
				ASSETCATALOG_COMPILER_APPICON_NAME = AppIcon;
				DEVELOPMENT_TEAM = TQWU9HD7N3;
				INFOPLIST_FILE = GPUFractalIOS/Info.plist;
				LD_RUNPATH_SEARCH_PATHS = "$(inherited) @executable_path/Frameworks";
				PRODUCT_BUNDLE_IDENTIFIER = com.fglt.GPUFractalIOS;
				PRODUCT_NAME = "$(TARGET_NAME)";
			};
			name = Release;
		};
/* End XCBuildConfiguration section */

/* Begin XCConfigurationList section */
		171EBBEE1E757DEE003099A4 /* Build configuration list for PBXProject "Fractal" */ = {
			isa = XCConfigurationList;
			buildConfigurations = (
				171EBC081E757DEE003099A4 /* Debug */,
				171EBC091E757DEE003099A4 /* Release */,
			);
			defaultConfigurationIsVisible = 0;
			defaultConfigurationName = Release;
		};
		171EBC0A1E757DEE003099A4 /* Build configuration list for PBXNativeTarget "Fractal" */ = {
			isa = XCConfigurationList;
			buildConfigurations = (
				171EBC0B1E757DEE003099A4 /* Debug */,
				171EBC0C1E757DEE003099A4 /* Release */,
			);
			defaultConfigurationIsVisible = 0;
			defaultConfigurationName = Release;
		};
		171EBC261E757E82003099A4 /* Build configuration list for PBXNativeTarget "FractalIOS" */ = {
			isa = XCConfigurationList;
			buildConfigurations = (
				171EBC271E757E82003099A4 /* Debug */,
				171EBC281E757E82003099A4 /* Release */,
			);
			defaultConfigurationIsVisible = 0;
			defaultConfigurationName = Release;
		};
		171EBC3E1E757E96003099A4 /* Build configuration list for PBXNativeTarget "FractalMacOS" */ = {
			isa = XCConfigurationList;
			buildConfigurations = (
				171EBC3F1E757E96003099A4 /* Debug */,
				171EBC401E757E96003099A4 /* Release */,
			);
			defaultConfigurationIsVisible = 0;
			defaultConfigurationName = Release;
		};
		171EBC7F1E769A33003099A4 /* Build configuration list for PBXNativeTarget "CubeHelix" */ = {
			isa = XCConfigurationList;
			buildConfigurations = (
				171EBC801E769A33003099A4 /* Debug */,
				171EBC811E769A33003099A4 /* Release */,
			);
			defaultConfigurationIsVisible = 0;
			defaultConfigurationName = Release;
		};
		171EBC981E7BC17F003099A4 /* Build configuration list for PBXNativeTarget "GPUFractalMacOS" */ = {
			isa = XCConfigurationList;
			buildConfigurations = (
				171EBC991E7BC17F003099A4 /* Debug */,
				171EBC9A1E7BC17F003099A4 /* Release */,
			);
			defaultConfigurationIsVisible = 0;
			defaultConfigurationName = Release;
		};
		17672B8A1E7EA66A007F1771 /* Build configuration list for PBXNativeTarget "GPUFractalIOS" */ = {
			isa = XCConfigurationList;
			buildConfigurations = (
				17672B881E7EA66A007F1771 /* Debug */,
				17672B891E7EA66A007F1771 /* Release */,
			);
			defaultConfigurationIsVisible = 0;
			defaultConfigurationName = Release;
		};
/* End XCConfigurationList section */
	};
	rootObject = 171EBBEB1E757DEE003099A4 /* Project object */;
}
